
Microsoft Visual Studio Solution File, Format Version 12.00
# Visual Studio Version 17
VisualStudioVersion = 17.2.32616.157
MinimumVisualStudioVersion = 10.0.40219.1
Project("{FAE04EC0-301F-11D3-BF4B-00C04F79EFBC}") = "Plot", "Plot\Plot.csproj", "{8E9E010A-50C6-422B-9EF9-5A495A35D417}"
EndProject
Global
	GlobalSection(SolutionConfigurationPlatforms) = preSolution
		Debug|Any CPU = Debug|Any CPU
		Release|Any CPU = Release|Any CPU
	EndGlobalSection
	GlobalSection(ProjectConfigurationPlatforms) = postSolution
		{8E9E010A-50C6-422B-9EF9-5A495A35D417}.Debug|Any CPU.ActiveCfg = Debug|Any CPU
		{8E9E010A-50C6-422B-9EF9-5A495A35D417}.Debug|Any CPU.Build.0 = Debug|Any CPU
		{8E9E010A-50C6-422B-9EF9-5A495A35D417}.Release|Any CPU.ActiveCfg = Release|Any CPU
		{8E9E010A-50C6-422B-9EF9-5A495A35D417}.Release|Any CPU.Build.0 = Release|Any CPU
	EndGlobalSection
	GlobalSection(SolutionProperties) = preSolution
		HideSolutionNode = FALSE
	EndGlobalSection
	GlobalSection(ExtensibilityGlobals) = postSolution
		SolutionGuid = {C6DBC87A-9421-438D-8BA6-6F8FFE7E0622}
	EndGlobalSection
EndGlobal
